
Microsoft Visual Studio Solution File, Format Version 12.00
# Visual Studio Version 16
VisualStudioVersion = 16.0.31112.23
MinimumVisualStudioVersion = 10.0.40219.1
Project("{FAE04EC0-301F-11D3-BF4B-00C04F79EFBC}") = "Project.WebUI", "Project.WebUI\Project.WebUI.csproj", "{3B24B33C-DAD9-4E0A-9858-6222E0D62036}"
EndProject
Project("{FAE04EC0-301F-11D3-BF4B-00C04F79EFBC}") = "Project.DAL", "Project.DAL\Project.DAL.csproj", "{4BE4B6F3-38AA-4100-A6C4-6411A6902DE4}"
EndProject
Global
	GlobalSection(SolutionConfigurationPlatforms) = preSolution
		Debug|Any CPU = Debug|Any CPU
		Release|Any CPU = Release|Any CPU
	EndGlobalSection
	GlobalSection(ProjectConfigurationPlatforms) = postSolution
		{3B24B33C-DAD9-4E0A-9858-6222E0D62036}.Debug|Any CPU.ActiveCfg = Debug|Any CPU
		{3B24B33C-DAD9-4E0A-9858-6222E0D62036}.Debug|Any CPU.Build.0 = Debug|Any CPU
		{3B24B33C-DAD9-4E0A-9858-6222E0D62036}.Release|Any CPU.ActiveCfg = Release|Any CPU
		{3B24B33C-DAD9-4E0A-9858-6222E0D62036}.Release|Any CPU.Build.0 = Release|Any CPU
		{4BE4B6F3-38AA-4100-A6C4-6411A6902DE4}.Debug|Any CPU.ActiveCfg = Debug|Any CPU
		{4BE4B6F3-38AA-4100-A6C4-6411A6902DE4}.Debug|Any CPU.Build.0 = Debug|Any CPU
		{4BE4B6F3-38AA-4100-A6C4-6411A6902DE4}.Release|Any CPU.ActiveCfg = Release|Any CPU
		{4BE4B6F3-38AA-4100-A6C4-6411A6902DE4}.Release|Any CPU.Build.0 = Release|Any CPU
	EndGlobalSection
	GlobalSection(SolutionProperties) = preSolution
		HideSolutionNode = FALSE
	EndGlobalSection
	GlobalSection(ExtensibilityGlobals) = postSolution
		SolutionGuid = {A16DE69C-98FA-4ED5-991F-868E28547914}
	EndGlobalSection
EndGlobal
